Microsoft Visual Studio Solution File, Format Version 12.00
# Visual Studio Version 17
VisualStudioVersion = 17.0.31903.59
MinimumVisualStudioVersion = 10.0.40219.1
Project("{FAE04EC0-301F-11D3-BF4B-00C04F79EFBC}") = "Sf2.Remake.Domain", "src\Sf2.Remake.Domain\Sf2.Remake.Domain.csproj", "{6501E4A7-075F-45BB-AB9D-E6C0838A5296}"
EndProject
Project("{FAE04EC0-301F-11D3-BF4B-00C04F79EFBC}") = "Sf2.Remake.Application", "src\Sf2.Remake.Application\Sf2.Remake.Application.csproj", "{A35724F9-C07C-4924-A5FB-80DFA8BC5782}"
EndProject
Project("{FAE04EC0-301F-11D3-BF4B-00C04F79EFBC}") = "Sf2.Remake.Content", "src\Sf2.Remake.Content\Sf2.Remake.Content.csproj", "{B7E1D34E-DB0B-4C99-B919-3433E7B82183}"
EndProject
Project("{FAE04EC0-301F-11D3-BF4B-00C04F79EFBC}") = "Sf2.Remake.Godot", "game\Sf2.Remake.Godot.csproj", "{CD9F4631-EF38-4F4A-87F0-039E8610B48A}"
EndProject
Project("{FAE04EC0-301F-11D3-BF4B-00C04F79EFBC}") = "Sf2.Remake.Engine.Tests", "tests\Sf2.Remake.Engine.Tests\Sf2.Remake.Engine.Tests.csproj", "{2D45442F-9E47-5E54-953B-B7C489DF78DC}"
EndProject
Global
	GlobalSection(SolutionConfigurationPlatforms) = preSolution
		Debug|Any CPU = Debug|Any CPU
		Release|Any CPU = Release|Any CPU
	EndGlobalSection
	GlobalSection(ProjectConfigurationPlatforms) = postSolution
		{6501E4A7-075F-45BB-AB9D-E6C0838A5296}.Debug|Any CPU.ActiveCfg = Debug|Any CPU
		{6501E4A7-075F-45BB-AB9D-E6C0838A5296}.Debug|Any CPU.Build.0 = Debug|Any CPU
		{6501E4A7-075F-45BB-AB9D-E6C0838A5296}.Release|Any CPU.ActiveCfg = Release|Any CPU
		{6501E4A7-075F-45BB-AB9D-E6C0838A5296}.Release|Any CPU.Build.0 = Release|Any CPU
		{A35724F9-C07C-4924-A5FB-80DFA8BC5782}.Debug|Any CPU.ActiveCfg = Debug|Any CPU
		{A35724F9-C07C-4924-A5FB-80DFA8BC5782}.Debug|Any CPU.Build.0 = Debug|Any CPU
		{A35724F9-C07C-4924-A5FB-80DFA8BC5782}.Release|Any CPU.ActiveCfg = Release|Any CPU
		{A35724F9-C07C-4924-A5FB-80DFA8BC5782}.Release|Any CPU.Build.0 = Release|Any CPU
		{B7E1D34E-DB0B-4C99-B919-3433E7B82183}.Debug|Any CPU.ActiveCfg = Debug|Any CPU
		{B7E1D34E-DB0B-4C99-B919-3433E7B82183}.Debug|Any CPU.Build.0 = Debug|Any CPU
		{B7E1D34E-DB0B-4C99-B919-3433E7B82183}.Release|Any CPU.ActiveCfg = Release|Any CPU
		{B7E1D34E-DB0B-4C99-B919-3433E7B82183}.Release|Any CPU.Build.0 = Release|Any CPU
		{CD9F4631-EF38-4F4A-87F0-039E8610B48A}.Debug|Any CPU.ActiveCfg = Debug|Any CPU
		{CD9F4631-EF38-4F4A-87F0-039E8610B48A}.Debug|Any CPU.Build.0 = Debug|Any CPU
		{CD9F4631-EF38-4F4A-87F0-039E8610B48A}.Release|Any CPU.ActiveCfg = Release|Any CPU
		{CD9F4631-EF38-4F4A-87F0-039E8610B48A}.Release|Any CPU.Build.0 = Release|Any CPU
		{2D45442F-9E47-5E54-953B-B7C489DF78DC}.Debug|Any CPU.ActiveCfg = Debug|Any CPU
		{2D45442F-9E47-5E54-953B-B7C489DF78DC}.Debug|Any CPU.Build.0 = Debug|Any CPU
		{2D45442F-9E47-5E54-953B-B7C489DF78DC}.Release|Any CPU.ActiveCfg = Release|Any CPU
		{2D45442F-9E47-5E54-953B-B7C489DF78DC}.Release|Any CPU.Build.0 = Release|Any CPU
	EndGlobalSection
EndGlobal
